// !$*UTF8*$!
{
	archiveVersion = 1;
	classes = {
	};
	objectVersion = 50;
	objects = {

/* Begin PBXBuildFile section */
		3E801EC6671050698F9EF5B8 /* Pods_LoginExample.framework in Frameworks */ = {isa = PBXBuildFile; fileRef = 06A5ACC6B80BBD12178605C9 /* Pods_LoginExample.framework */; };
		FA314E58209B1068006261D4 /* AppDelegate.swift in Sources */ = {isa = PBXBuildFile; fileRef = FA314E57209B1068006261D4 /* AppDelegate.swift */; };
		FA314E5A209B1068006261D4 /* ViewController.swift in Sources */ = {isa = PBXBuildFile; fileRef = FA314E59209B1068006261D4 /* ViewController.swift */; };
		FA314E5D209B1068006261D4 /* Main.storyboard in Resources */ = {isa = PBXBuildFile; fileRef = FA314E5B209B1068006261D4 /* Main.storyboard */; };
		FA314E5F209B106A006261D4 /* Assets.xcassets in Resources */ = {isa = PBXBuildFile; fileRef = FA314E5E209B106A006261D4 /* Assets.xcassets */; };
		FA314E62209B106A006261D4 /* LaunchScreen.storyboard in Resources */ = {isa = PBXBuildFile; fileRef = FA314E60209B106A006261D4 /* LaunchScreen.storyboard */; };
		FA314E6B209B18CF006261D4 /* GoogleService-Info.plist in Resources */ = {isa = PBXBuildFile; fileRef = FA314E6A209B18CF006261D4 /* GoogleService-Info.plist */; };
		FA314E6D209B4D34006261D4 /* DetailViewController.swift in Sources */ = {isa = PBXBuildFile; fileRef = FA314E6C209B4D34006261D4 /* DetailViewController.swift */; };
		FA314E70209CA5B9006261D4 /* user.swift in Sources */ = {isa = PBXBuildFile; fileRef = FA314E6F209CA5B9006261D4 /* user.swift */; };
/* End PBXBuildFile section */

/* Begin PBXFileReference section */
		06A5ACC6B80BBD12178605C9 /* Pods_LoginExample.framework */ = {isa = PBXFileReference; explicitFileType = wrapper.framework; includeInIndex = 0; path = Pods_LoginExample.framework; sourceTree = BUILT_PRODUCTS_DIR; };
		6889684997D8BA1B995C0936 /* Pods-LoginExample.debug.xcconfig */ = {isa = PBXFileReference; includeInIndex = 1; lastKnownFileType = text.xcconfig; name = "Pods-LoginExample.debug.xcconfig"; path = "Pods/Target Support Files/Pods-LoginExample/Pods-LoginExample.debug.xcconfig"; sourceTree = "<group>"; };
		85A3EC635D709CDBDBCF4CCF /* Pods-LoginExample.release.xcconfig */ = {isa = PBXFileReference; includeInIndex = 1; lastKnownFileType = text.xcconfig; name = "Pods-LoginExample.release.xcconfig"; path = "Pods/Target Support Files/Pods-LoginExample/Pods-LoginExample.release.xcconfig"; sourceTree = "<group>"; };
		FA314E54209B1068006261D4 /* LoginExample.app */ = {isa = PBXFileReference; explicitFileType = wrapper.application; includeInIndex = 0; path = LoginExample.app; sourceTree = BUILT_PRODUCTS_DIR; };
		FA314E57209B1068006261D4 /* AppDelegate.swift */ = {isa = PBXFileReference; lastKnownFileType = sourcecode.swift; path = AppDelegate.swift; sourceTree = "<group>"; };
		FA314E59209B1068006261D4 /* ViewController.swift */ = {isa = PBXFileReference; lastKnownFileType = sourcecode.swift; path = ViewController.swift; sourceTree = "<group>"; };
		FA314E5C209B1068006261D4 /* Base */ = {isa = PBXFileReference; lastKnownFileType = file.storyboard; name = Base; path = Base.lproj/Main.storyboard; sourceTree = "<group>"; };
		FA314E5E209B106A006261D4 /* Assets.xcassets */ = {isa = PBXFileReference; lastKnownFileType = folder.assetcatalog; path = Assets.xcassets; sourceTree = "<group>"; };
		FA314E61209B106A006261D4 /* Base */ = {isa = PBXFileReference; lastKnownFileType = file.storyboard; name = Base; path = Base.lproj/LaunchScreen.storyboard; sourceTree = "<group>"; };
		FA314E63209B106A006261D4 /* Info.plist */ = {isa = PBXFileReference; lastKnownFileType = text.plist.xml; path = Info.plist; sourceTree = "<group>"; };
		FA314E69209B12B1006261D4 /* LoginExample.entitlements */ = {isa = PBXFileReference; lastKnownFileType = text.plist.entitlements; path = LoginExample.entitlements; sourceTree = "<group>"; };
		FA314E6A209B18CF006261D4 /* GoogleService-Info.plist */ = {isa = PBXFileReference; fileEncoding = 4; lastKnownFileType = text.plist.xml; path = "GoogleService-Info.plist"; sourceTree = "<group>"; };
		FA314E6C209B4D34006261D4 /* DetailViewController.swift */ = {isa = PBXFileReference; lastKnownFileType = sourcecode.swift; path = DetailViewController.swift; sourceTree = "<group>"; };
		FA314E6F209CA5B9006261D4 /* user.swift */ = {isa = PBXFileReference; lastKnownFileType = sourcecode.swift; path = user.swift; sourceTree = "<group>"; };
/* End PBXFileReference section */

/* Begin PBXFrameworksBuildPhase section */
		FA314E51209B1068006261D4 /* Frameworks */ = {
			isa = PBXFrameworksBuildPhase;
			buildActionMask = 2147483647;
			files = (
				3E801EC6671050698F9EF5B8 /* Pods_LoginExample.framework in Frameworks */,
			);
			runOnlyForDeploymentPostprocessing = 0;
		};
/* End PBXFrameworksBuildPhase section */

/* Begin PBXGroup section */
		851DB406C17FF750C89A8578 /* Frameworks */ = {
			isa = PBXGroup;
			children = (
				06A5ACC6B80BBD12178605C9 /* Pods_LoginExample.framework */,
			);
			name = Frameworks;
			sourceTree = "<group>";
		};
		C2BEAB6C778D12A0A337ABC6 /* Pods */ = {
			isa = PBXGroup;
			children = (
				6889684997D8BA1B995C0936 /* Pods-LoginExample.debug.xcconfig */,
				85A3EC635D709CDBDBCF4CCF /* Pods-LoginExample.release.xcconfig */,
			);
			name = Pods;
			sourceTree = "<group>";
		};
		FA314E4B209B1068006261D4 = {
			isa = PBXGroup;
			children = (
				FA314E56209B1068006261D4 /* LoginExample */,
				FA314E55209B1068006261D4 /* Products */,
				C2BEAB6C778D12A0A337ABC6 /* Pods */,
				851DB406C17FF750C89A8578 /* Frameworks */,
			);
			sourceTree = "<group>";
		};
		FA314E55209B1068006261D4 /* Products */ = {
			isa = PBXGroup;
			children = (
				FA314E54209B1068006261D4 /* LoginExample.app */,
			);
			name = Products;
			sourceTree = "<group>";
		};
		FA314E56209B1068006261D4 /* LoginExample */ = {
			isa = PBXGroup;
			children = (
				FA314E69209B12B1006261D4 /* LoginExample.entitlements */,
				FA314E5B209B1068006261D4 /* Main.storyboard */,
				FA314E71209CA5C0006261D4 /* Model */,
				FA314E6E209B4D39006261D4 /* Controller */,
				FA314E5E209B106A006261D4 /* Assets.xcassets */,
				FA314E60209B106A006261D4 /* LaunchScreen.storyboard */,
				FA314E63209B106A006261D4 /* Info.plist */,
				FA314E6A209B18CF006261D4 /* GoogleService-Info.plist */,
			);
			path = LoginExample;
			sourceTree = "<group>";
		};
		FA314E6E209B4D39006261D4 /* Controller */ = {
			isa = PBXGroup;
			children = (
				FA314E57209B1068006261D4 /* AppDelegate.swift */,
				FA314E59209B1068006261D4 /* ViewController.swift */,
				FA314E6C209B4D34006261D4 /* DetailViewController.swift */,
			);
			path = Controller;
			sourceTree = "<group>";
		};
		FA314E71209CA5C0006261D4 /* Model */ = {
			isa = PBXGroup;
			children = (
				FA314E6F209CA5B9006261D4 /* user.swift */,
			);
			path = Model;
			sourceTree = "<group>";
		};
/* End PBXGroup section */

/* Begin PBXNativeTarget section */
		FA314E53209B1068006261D4 /* LoginExample */ = {
			isa = PBXNativeTarget;
			buildConfigurationList = FA314E66209B106A006261D4 /* Build configuration list for PBXNativeTarget "LoginExample" */;
			buildPhases = (
				1A80370BEB32AEDF35E60849 /* [CP] Check Pods Manifest.lock */,
				FA314E50209B1068006261D4 /* Sources */,
				FA314E51209B1068006261D4 /* Frameworks */,
				FA314E52209B1068006261D4 /* Resources */,
				22B7C9E5F393BBE54D99E0A3 /* [CP] Embed Pods Frameworks */,
				9FC2F3E634BB5050FF4DADB6 /* [CP] Copy Pods Resources */,
			);
			buildRules = (
			);
			dependencies = (
			);
			name = LoginExample;
			productName = LoginExample;
			productReference = FA314E54209B1068006261D4 /* LoginExample.app */;
			productType = "com.apple.product-type.application";
		};
/* End PBXNativeTarget section */

/* Begin PBXProject section */
		FA314E4C209B1068006261D4 /* Project object */ = {
			isa = PBXProject;
			attributes = {
				LastSwiftUpdateCheck = 0930;
				LastUpgradeCheck = 0930;
				ORGANIZATIONNAME = "Alex Hsieh";
				TargetAttributes = {
					FA314E53209B1068006261D4 = {
						CreatedOnToolsVersion = 9.3;
						SystemCapabilities = {
							com.apple.Keychain = {
								enabled = 1;
							};
						};
					};
				};
			};
			buildConfigurationList = FA314E4F209B1068006261D4 /* Build configuration list for PBXProject "LoginExample" */;
			compatibilityVersion = "Xcode 9.3";
			developmentRegion = en;
			hasScannedForEncodings = 0;
			knownRegions = (
				en,
				Base,
			);
			mainGroup = FA314E4B209B1068006261D4;
			productRefGroup = FA314E55209B1068006261D4 /* Products */;
			projectDirPath = "";
			projectRoot = "";
			targets = (
				FA314E53209B1068006261D4 /* LoginExample */,
			);
		};
/* End PBXProject section */

/* Begin PBXResourcesBuildPhase section */
		FA314E52209B1068006261D4 /* Resources */ = {
			isa = PBXResourcesBuildPhase;
			buildActionMask = 2147483647;
			files = (
				FA314E62209B106A006261D4 /* LaunchScreen.storyboard in Resources */,
				FA314E6B209B18CF006261D4 /* GoogleService-Info.plist in Resources */,
				FA314E5F209B106A006261D4 /* Assets.xcassets in Resources */,
				FA314E5D209B1068006261D4 /* Main.storyboard in Resources */,
			);
			runOnlyForDeploymentPostprocessing = 0;
		};
/* End PBXResourcesBuildPhase section */

/* Begin PBXShellScriptBuildPhase section */
		1A80370BEB32AEDF35E60849 /* [CP] Check Pods Manifest.lock */ = {
			isa = PBXShellScriptBuildPhase;
			buildActionMask = 2147483647;
			files = (
			);
			inputPaths = (
				"${PODS_PODFILE_DIR_PATH}/Podfile.lock",
				"${PODS_ROOT}/Manifest.lock",
			);
			name = "[CP] Check Pods Manifest.lock";
			outputPaths = (
				"$(DERIVED_FILE_DIR)/Pods-LoginExample-checkManifestLockResult.txt",
			);
			runOnlyForDeploymentPostprocessing = 0;
			shellPath = /bin/sh;
			shellScript = "diff \"${PODS_PODFILE_DIR_PATH}/Podfile.lock\" \"${PODS_ROOT}/Manifest.lock\" > /dev/null\nif [ $? != 0 ] ; then\n    # print error to STDERR\n    echo \"error: The sandbox is not in sync with the Podfile.lock. Run 'pod install' or update your CocoaPods installation.\" >&2\n    exit 1\nfi\n# This output is used by Xcode 'outputs' to avoid re-running this script phase.\necho \"SUCCESS\" > \"${SCRIPT_OUTPUT_FILE_0}\"\n";
			showEnvVarsInLog = 0;
		};
		22B7C9E5F393BBE54D99E0A3 /* [CP] Embed Pods Frameworks */ = {
			isa = PBXShellScriptBuildPhase;
			buildActionMask = 2147483647;
			files = (
			);
			inputPaths = (
				"${SRCROOT}/Pods/Target Support Files/Pods-LoginExample/Pods-LoginExample-frameworks.sh",
				"${BUILT_PRODUCTS_DIR}/Bolts/Bolts.framework",
				"${BUILT_PRODUCTS_DIR}/FBSDKCoreKit/FBSDKCoreKit.framework",
				"${BUILT_PRODUCTS_DIR}/FBSDKLoginKit/FBSDKLoginKit.framework",
				"${BUILT_PRODUCTS_DIR}/GTMOAuth2/GTMOAuth2.framework",
				"${BUILT_PRODUCTS_DIR}/GTMSessionFetcher/GTMSessionFetcher.framework",
				"${BUILT_PRODUCTS_DIR}/GoogleToolboxForMac/GoogleToolboxForMac.framework",
				"${BUILT_PRODUCTS_DIR}/nanopb/nanopb.framework",
			);
			name = "[CP] Embed Pods Frameworks";
			outputPaths = (
				"${TARGET_BUILD_DIR}/${FRAMEWORKS_FOLDER_PATH}/Bolts.framework",
				"${TARGET_BUILD_DIR}/${FRAMEWORKS_FOLDER_PATH}/FBSDKCoreKit.framework",
				"${TARGET_BUILD_DIR}/${FRAMEWORKS_FOLDER_PATH}/FBSDKLoginKit.framework",
				"${TARGET_BUILD_DIR}/${FRAMEWORKS_FOLDER_PATH}/GTMOAuth2.framework",
				"${TARGET_BUILD_DIR}/${FRAMEWORKS_FOLDER_PATH}/GTMSessionFetcher.framework",
				"${TARGET_BUILD_DIR}/${FRAMEWORKS_FOLDER_PATH}/GoogleToolboxForMac.framework",
				"${TARGET_BUILD_DIR}/${FRAMEWORKS_FOLDER_PATH}/nanopb.framework",
			);
			runOnlyForDeploymentPostprocessing = 0;
			shellPath = /bin/sh;
			shellScript = "\"${SRCROOT}/Pods/Target Support Files/Pods-LoginExample/Pods-LoginExample-frameworks.sh\"\n";
			showEnvVarsInLog = 0;
		};
		9FC2F3E634BB5050FF4DADB6 /* [CP] Copy Pods Resources */ = {
			isa = PBXShellScriptBuildPhase;
			buildActionMask = 2147483647;
			files = (
			);
			inputPaths = (
				"${SRCROOT}/Pods/Target Support Files/Pods-LoginExample/Pods-LoginExample-resources.sh",
				"${PODS_ROOT}/GoogleSignIn/Resources/GoogleSignIn.bundle",
			);
			name = "[CP] Copy Pods Resources";
			outputPaths = (
				"${TARGET_BUILD_DIR}/${UNLOCALIZED_RESOURCES_FOLDER_PATH}/GoogleSignIn.bundle",
			);
			runOnlyForDeploymentPostprocessing = 0;
			shellPath = /bin/sh;
			shellScript = "\"${SRCROOT}/Pods/Target Support Files/Pods-LoginExample/Pods-LoginExample-resources.sh\"\n";
			showEnvVarsInLog = 0;
		};
/* End PBXShellScriptBuildPhase section */

/* Begin PBXSourcesBuildPhase section */
		FA314E50209B1068006261D4 /* Sources */ = {
			isa = PBXSourcesBuildPhase;
			buildActionMask = 2147483647;
			files = (
				FA314E70209CA5B9006261D4 /* user.swift in Sources */,
				FA314E6D209B4D34006261D4 /* DetailViewController.swift in Sources */,
				FA314E5A209B1068006261D4 /* ViewController.swift in Sources */,
				FA314E58209B1068006261D4 /* AppDelegate.swift in Sources */,
			);
			runOnlyForDeploymentPostprocessing = 0;
		};
/* End PBXSourcesBuildPhase section */

/* Begin PBXVariantGroup section */
		FA314E5B209B1068006261D4 /* Main.storyboard */ = {
			isa = PBXVariantGroup;
			children = (
				FA314E5C209B1068006261D4 /* Base */,
			);
			name = Main.storyboard;
			sourceTree = "<group>";
		};
		FA314E60209B106A006261D4 /* LaunchScreen.storyboard */ = {
			isa = PBXVariantGroup;
			children = (
				FA314E61209B106A006261D4 /* Base */,
			);
			name = LaunchScreen.storyboard;
			sourceTree = "<group>";
		};
/* End PBXVariantGroup section */

/* Begin XCBuildConfiguration section */
		FA314E64209B106A006261D4 /* Debug */ = {
			isa = XCBuildConfiguration;
			buildSettings = {
				ALWAYS_SEARCH_USER_PATHS = NO;
				CLANG_ANALYZER_NONNULL = YES;
				CLANG_ANALYZER_NUMBER_OBJECT_CONVERSION = YES_AGGRESSIVE;
				CLANG_CXX_LANGUAGE_STANDARD = "gnu++14";
				CLANG_CXX_LIBRARY = "libc++";
				CLANG_ENABLE_MODULES = YES;
				CLANG_ENABLE_OBJC_ARC = YES;
				CLANG_ENABLE_OBJC_WEAK = YES;
				CLANG_WARN_BLOCK_CAPTURE_AUTORELEASING = YES;
				CLANG_WARN_BOOL_CONVERSION = YES;
				CLANG_WARN_COMMA = YES;
				CLANG_WARN_CONSTANT_CONVERSION = YES;
				CLANG_WARN_DEPRECATED_OBJC_IMPLEMENTATIONS = YES;
				CLANG_WARN_DIRECT_OBJC_ISA_USAGE = YES_ERROR;
				CLANG_WARN_DOCUMENTATION_COMMENTS = YES;
				CLANG_WARN_EMPTY_BODY = YES;
				CLANG_WARN_ENUM_CONVERSION = YES;
				CLANG_WARN_INFINITE_RECURSION = YES;
				CLANG_WARN_INT_CONVERSION = YES;
				CLANG_WARN_NON_LITERAL_NULL_CONVERSION = YES;
				CLANG_WARN_OBJC_IMPLICIT_RETAIN_SELF = YES;
				CLANG_WARN_OBJC_LITERAL_CONVERSION = YES;
				CLANG_WARN_OBJC_ROOT_CLASS = YES_ERROR;
				CLANG_WARN_RANGE_LOOP_ANALYSIS = YES;
				CLANG_WARN_STRICT_PROTOTYPES = YES;
				CLANG_WARN_SUSPICIOUS_MOVE = YES;
				CLANG_WARN_UNGUARDED_AVAILABILITY = YES_AGGRESSIVE;
				CLANG_WARN_UNREACHABLE_CODE = YES;
				CLANG_WARN__DUPLICATE_METHOD_MATCH = YES;
				CODE_SIGN_IDENTITY = "iPhone Developer";
				COPY_PHASE_STRIP = NO;
				DEBUG_INFORMATION_FORMAT = dwarf;
				ENABLE_STRICT_OBJC_MSGSEND = YES;
				ENABLE_TESTABILITY = YES;
				GCC_C_LANGUAGE_STANDARD = gnu11;
				GCC_DYNAMIC_NO_PIC = NO;
				GCC_NO_COMMON_BLOCKS = YES;
				GCC_OPTIMIZATION_LEVEL = 0;
				GCC_PREPROCESSOR_DEFINITIONS = (
					"DEBUG=1",
					"$(inherited)",
				);
				GCC_WARN_64_TO_32_BIT_CONVERSION = YES;
				GCC_WARN_ABOUT_RETURN_TYPE = YES_ERROR;
				GCC_WARN_UNDECLARED_SELECTOR = YES;
				GCC_WARN_UNINITIALIZED_AUTOS = YES_AGGRESSIVE;
				GCC_WARN_UNUSED_FUNCTION = YES;
				GCC_WARN_UNUSED_VARIABLE = YES;
				IPHONEOS_DEPLOYMENT_TARGET = 11.3;
				MTL_ENABLE_DEBUG_INFO = YES;
				ONLY_ACTIVE_ARCH = YES;
				SDKROOT = iphoneos;
				SWIFT_ACTIVE_COMPILATION_CONDITIONS = DEBUG;
				SWIFT_OPTIMIZATION_LEVEL = "-Onone";
			};
			name = Debug;
		};
		FA314E65209B106A006261D4 /* Release */ = {
			isa = XCBuildConfiguration;
			buildSettings = {
				ALWAYS_SEARCH_USER_PATHS = NO;
				CLANG_ANALYZER_NONNULL = YES;
				CLANG_ANALYZER_NUMBER_OBJECT_CONVERSION = YES_AGGRESSIVE;
				CLANG_CXX_LANGUAGE_STANDARD = "gnu++14";
				CLANG_CXX_LIBRARY = "libc++";
				CLANG_ENABLE_MODULES = YES;
				CLANG_ENABLE_OBJC_ARC = YES;
				CLANG_ENABLE_OBJC_WEAK = YES;
				CLANG_WARN_BLOCK_CAPTURE_AUTORELEASING = YES;
				CLANG_WARN_BOOL_CONVERSION = YES;
				CLANG_WARN_COMMA = YES;
				CLANG_WARN_CONSTANT_CONVERSION = YES;
				CLANG_WARN_DEPRECATED_OBJC_IMPLEMENTATIONS = YES;
				CLANG_WARN_DIRECT_OBJC_ISA_USAGE = YES_ERROR;
				CLANG_WARN_DOCUMENTATION_COMMENTS = YES;
				CLANG_WARN_EMPTY_BODY = YES;
				CLANG_WARN_ENUM_CONVERSION = YES;
				CLANG_WARN_INFINITE_RECURSION = YES;
				CLANG_WARN_INT_CONVERSION = YES;
				CLANG_WARN_NON_LITERAL_NULL_CONVERSION = YES;
				CLANG_WARN_OBJC_IMPLICIT_RETAIN_SELF = YES;
				CLANG_WARN_OBJC_LITERAL_CONVERSION = YES;
				CLANG_WARN_OBJC_ROOT_CLASS = YES_ERROR;
				CLANG_WARN_RANGE_LOOP_ANALYSIS = YES;
				CLANG_WARN_STRICT_PROTOTYPES = YES;
				CLANG_WARN_SUSPICIOUS_MOVE = YES;
				CLANG_WARN_UNGUARDED_AVAILABILITY = YES_AGGRESSIVE;
				CLANG_WARN_UNREACHABLE_CODE = YES;
				CLANG_WARN__DUPLICATE_METHOD_MATCH = YES;
				CODE_SIGN_IDENTITY = "iPhone Developer";
				COPY_PHASE_STRIP = NO;
				DEBUG_INFORMATION_FORMAT = "dwarf-with-dsym";
				ENABLE_NS_ASSERTIONS = NO;
				ENABLE_STRICT_OBJC_MSGSEND = YES;
				GCC_C_LANGUAGE_STANDARD = gnu11;
				GCC_NO_COMMON_BLOCKS = YES;
				GCC_WARN_64_TO_32_BIT_CONVERSION = YES;
				GCC_WARN_ABOUT_RETURN_TYPE = YES_ERROR;
				GCC_WARN_UNDECLARED_SELECTOR = YES;
				GCC_WARN_UNINITIALIZED_AUTOS = YES_AGGRESSIVE;
				GCC_WARN_UNUSED_FUNCTION = YES;
				GCC_WARN_UNUSED_VARIABLE = YES;
				IPHONEOS_DEPLOYMENT_TARGET = 11.3;
				MTL_ENABLE_DEBUG_INFO = NO;
				SDKROOT = iphoneos;
				SWIFT_COMPILATION_MODE = wholemodule;
				SWIFT_OPTIMIZATION_LEVEL = "-O";
				VALIDATE_PRODUCT = YES;
			};
			name = Release;
		};
		FA314E67209B106A006261D4 /* Debug */ = {
			isa = XCBuildConfiguration;
			baseConfigurationReference = 6889684997D8BA1B995C0936 /* Pods-LoginExample.debug.xcconfig */;
			buildSettings = {
				ASSETCATALOG_COMPILER_APPICON_NAME = AppIcon;
				CODE_SIGN_ENTITLEMENTS = LoginExample/LoginExample.entitlements;
				CODE_SIGN_STYLE = Automatic;
				DEVELOPMENT_TEAM = 28KY3QU74P;
				INFOPLIST_FILE = LoginExample/Info.plist;
				IPHONEOS_DEPLOYMENT_TARGET = 10.0;
				LD_RUNPATH_SEARCH_PATHS = (
					"$(inherited)",
					"@executable_path/Frameworks",
				);
				PRODUCT_BUNDLE_IDENTIFIER = com.developAlexHC.LoginExample;
				PRODUCT_NAME = "$(TARGET_NAME)";
				SWIFT_VERSION = 4.0;
				TARGETED_DEVICE_FAMILY = 1;
			};
			name = Debug;
		};
		FA314E68209B106A006261D4 /* Release */ = {
			isa = XCBuildConfiguration;
			baseConfigurationReference = 85A3EC635D709CDBDBCF4CCF /* Pods-LoginExample.release.xcconfig */;
			buildSettings = {
				ASSETCATALOG_COMPILER_APPICON_NAME = AppIcon;
				CODE_SIGN_ENTITLEMENTS = LoginExample/LoginExample.entitlements;
				CODE_SIGN_STYLE = Automatic;
				DEVELOPMENT_TEAM = 28KY3QU74P;
				INFOPLIST_FILE = LoginExample/Info.plist;
				IPHONEOS_DEPLOYMENT_TARGET = 10.0;
				LD_RUNPATH_SEARCH_PATHS = (
					"$(inherited)",
					"@executable_path/Frameworks",
				);
				PRODUCT_BUNDLE_IDENTIFIER = com.developAlexHC.LoginExample;
				PRODUCT_NAME = "$(TARGET_NAME)";
				SWIFT_VERSION = 4.0;
				TARGETED_DEVICE_FAMILY = 1;
			};
			name = Release;
		};
/* End XCBuildConfiguration section */

/* Begin XCConfigurationList section */
		FA314E4F209B1068006261D4 /* Build configuration list for PBXProject "LoginExample" */ = {
			isa = XCConfigurationList;
			buildConfigurations = (
				FA314E64209B106A006261D4 /* Debug */,
				FA314E65209B106A006261D4 /* Release */,
			);
			defaultConfigurationIsVisible = 0;
			defaultConfigurationName = Release;
		};
		FA314E66209B106A006261D4 /* Build configuration list for PBXNativeTarget "LoginExample" */ = {
			isa = XCConfigurationList;
			buildConfigurations = (
				FA314E67209B106A006261D4 /* Debug */,
				FA314E68209B106A006261D4 /* Release */,
			);
			defaultConfigurationIsVisible = 0;
			defaultConfigurationName = Release;
		};
/* End XCConfigurationList section */
	};
	rootObject = FA314E4C209B1068006261D4 /* Project object */;
}
